
Microsoft Visual Studio Solution File, Format Version 12.00
# Visual Studio Version 17
VisualStudioVersion = 17.11.35327.3
MinimumVisualStudioVersion = 10.0.40219.1
Project("{FAE04EC0-301F-11D3-BF4B-00C04F79EFBC}") = "jwttoken", "jwttoken\jwttoken.csproj", "{C0270B7C-49A5-4AFC-9FE3-8A840B54676C}"
EndProject
Global
	GlobalSection(SolutionConfigurationPlatforms) = preSolution
		Debug|Any CPU = Debug|Any CPU
		Release|Any CPU = Release|Any CPU
	EndGlobalSection
	GlobalSection(ProjectConfigurationPlatforms) = postSolution
		{C0270B7C-49A5-4AFC-9FE3-8A840B54676C}.Debug|Any CPU.ActiveCfg = Debug|Any CPU
		{C0270B7C-49A5-4AFC-9FE3-8A840B54676C}.Debug|Any CPU.Build.0 = Debug|Any CPU
		{C0270B7C-49A5-4AFC-9FE3-8A840B54676C}.Release|Any CPU.ActiveCfg = Release|Any CPU
		{C0270B7C-49A5-4AFC-9FE3-8A840B54676C}.Release|Any CPU.Build.0 = Release|Any CPU
	EndGlobalSection
	GlobalSection(SolutionProperties) = preSolution
		HideSolutionNode = FALSE
	EndGlobalSection
	GlobalSection(ExtensibilityGlobals) = postSolution
		SolutionGuid = {4603FD84-72D1-492C-808E-55ADAA4D1D09}
	EndGlobalSection
EndGlobal
